
Microsoft Visual Studio Solution File, Format Version 12.00
# Visual Studio Version 17
VisualStudioVersion = 17.9.34622.214
MinimumVisualStudioVersion = 10.0.40219.1
Project("{FAE04EC0-301F-11D3-BF4B-00C04F79EFBC}") = "ReadDataSetApp", "ReadDataSetApp.csproj", "{DAEE4829-B6D8-43E7-A52E-BBC4470BE0FE}"
EndProject
Global
	GlobalSection(SolutionConfigurationPlatforms) = preSolution
		Debug|Any CPU = Debug|Any CPU
		Release|Any CPU = Release|Any CPU
	EndGlobalSection
	GlobalSection(ProjectConfigurationPlatforms) = postSolution
		{DAEE4829-B6D8-43E7-A52E-BBC4470BE0FE}.Debug|Any CPU.ActiveCfg = Debug|Any CPU
		{DAEE4829-B6D8-43E7-A52E-BBC4470BE0FE}.Debug|Any CPU.Build.0 = Debug|Any CPU
		{DAEE4829-B6D8-43E7-A52E-BBC4470BE0FE}.Release|Any CPU.ActiveCfg = Release|Any CPU
		{DAEE4829-B6D8-43E7-A52E-BBC4470BE0FE}.Release|Any CPU.Build.0 = Release|Any CPU
	EndGlobalSection
	GlobalSection(SolutionProperties) = preSolution
		HideSolutionNode = FALSE
	EndGlobalSection
	GlobalSection(ExtensibilityGlobals) = postSolution
		SolutionGuid = {A02F1FD8-A9DD-4542-B4CE-1A2031E2EE7A}
	EndGlobalSection
EndGlobal
